
Microsoft Visual Studio Solution File, Format Version 12.00
# Visual Studio 15
VisualStudioVersion = 15.0.28010.2050
MinimumVisualStudioVersion = 10.0.40219.1
Project("{FAE04EC0-301F-11D3-BF4B-00C04F79EFBC}") = "RES", "RES\RES.csproj", "{AC95BDF8-2B52-49C7-8383-398C0538B4FC}"
EndProject
Project("{FAE04EC0-301F-11D3-BF4B-00C04F79EFBC}") = "UnitTesting", "UnitTesting\UnitTesting.csproj", "{1E9376D3-033F-4AE0-B7A0-6784D1F0A6AF}"
EndProject
Project("{FAE04EC0-301F-11D3-BF4B-00C04F79EFBC}") = "ModelPodataka", "ModelPodataka\ModelPodataka.csproj", "{079BD7D1-8FAB-4D81-9C51-A7A39C2FC301}"
EndProject
Global
	GlobalSection(SolutionConfigurationPlatforms) = preSolution
		Debug|Any CPU = Debug|Any CPU
		Release|Any CPU = Release|Any CPU
	EndGlobalSection
	GlobalSection(ProjectConfigurationPlatforms) = postSolution
		{AC95BDF8-2B52-49C7-8383-398C0538B4FC}.Debug|Any CPU.ActiveCfg = Debug|Any CPU
		{AC95BDF8-2B52-49C7-8383-398C0538B4FC}.Debug|Any CPU.Build.0 = Debug|Any CPU
		{AC95BDF8-2B52-49C7-8383-398C0538B4FC}.Release|Any CPU.ActiveCfg = Release|Any CPU
		{AC95BDF8-2B52-49C7-8383-398C0538B4FC}.Release|Any CPU.Build.0 = Release|Any CPU
		{1E9376D3-033F-4AE0-B7A0-6784D1F0A6AF}.Debug|Any CPU.ActiveCfg = Debug|Any CPU
		{1E9376D3-033F-4AE0-B7A0-6784D1F0A6AF}.Debug|Any CPU.Build.0 = Debug|Any CPU
		{1E9376D3-033F-4AE0-B7A0-6784D1F0A6AF}.Release|Any CPU.ActiveCfg = Release|Any CPU
		{1E9376D3-033F-4AE0-B7A0-6784D1F0A6AF}.Release|Any CPU.Build.0 = Release|Any CPU
		{079BD7D1-8FAB-4D81-9C51-A7A39C2FC301}.Debug|Any CPU.ActiveCfg = Debug|Any CPU
		{079BD7D1-8FAB-4D81-9C51-A7A39C2FC301}.Debug|Any CPU.Build.0 = Debug|Any CPU
		{079BD7D1-8FAB-4D81-9C51-A7A39C2FC301}.Release|Any CPU.ActiveCfg = Release|Any CPU
		{079BD7D1-8FAB-4D81-9C51-A7A39C2FC301}.Release|Any CPU.Build.0 = Release|Any CPU
	EndGlobalSection
	GlobalSection(SolutionProperties) = preSolution
		HideSolutionNode = FALSE
	EndGlobalSection
	GlobalSection(ExtensibilityGlobals) = postSolution
		SolutionGuid = {571BD53A-D090-47D8-82D5-E24298D70F65}
	EndGlobalSection
EndGlobal
